
Microsoft Visual Studio Solution File, Format Version 12.00
# Visual Studio Version 16
VisualStudioVersion = 16.0.30711.63
MinimumVisualStudioVersion = 10.0.40219.1
Project("{FAE04EC0-301F-11D3-BF4B-00C04F79EFBC}") = "Calculadora Binario-Decimall", "Calculadora Binario-Decimall\Calculadora Binario-Decimall.csproj", "{135833E9-3A88-471D-AD1E-17C89EC0A7F0}"
EndProject
Global
	GlobalSection(SolutionConfigurationPlatforms) = preSolution
		Debug|Any CPU = Debug|Any CPU
		Release|Any CPU = Release|Any CPU
	EndGlobalSection
	GlobalSection(ProjectConfigurationPlatforms) = postSolution
		{135833E9-3A88-471D-AD1E-17C89EC0A7F0}.Debug|Any CPU.ActiveCfg = Debug|Any CPU
		{135833E9-3A88-471D-AD1E-17C89EC0A7F0}.Debug|Any CPU.Build.0 = Debug|Any CPU
		{135833E9-3A88-471D-AD1E-17C89EC0A7F0}.Release|Any CPU.ActiveCfg = Release|Any CPU
		{135833E9-3A88-471D-AD1E-17C89EC0A7F0}.Release|Any CPU.Build.0 = Release|Any CPU
	EndGlobalSection
	GlobalSection(SolutionProperties) = preSolution
		HideSolutionNode = FALSE
	EndGlobalSection
	GlobalSection(ExtensibilityGlobals) = postSolution
		SolutionGuid = {665BC883-00F4-4268-B424-D792D87E0D5B}
	EndGlobalSection
EndGlobal
